
Microsoft Visual Studio Solution File, Format Version 12.00
# Visual Studio 15
VisualStudioVersion = 15.0.26430.14
MinimumVisualStudioVersion = 10.0.40219.1
Project("{FAE04EC0-301F-11D3-BF4B-00C04F79EFBC}") = "EmployeeService", "EmployeeService\EmployeeService.csproj", "{6731ACB5-79CF-4946-9E68-9C143A882617}"
EndProject
Project("{FAE04EC0-301F-11D3-BF4B-00C04F79EFBC}") = "ClientApplication", "ClientApplication\ClientApplication.csproj", "{7429CB7F-469B-4CF5-9BA3-87A174F60654}"
EndProject
Project("{FAE04EC0-301F-11D3-BF4B-00C04F79EFBC}") = "EmployeeDataAccess", "EmployeeDataAccess\EmployeeDataAccess.csproj", "{A5C97706-C866-412E-B417-53B46B4A0F92}"
EndProject
Global
	GlobalSection(SolutionConfigurationPlatforms) = preSolution
		Debug|Any CPU = Debug|Any CPU
		Release|Any CPU = Release|Any CPU
	EndGlobalSection
	GlobalSection(ProjectConfigurationPlatforms) = postSolution
		{6731ACB5-79CF-4946-9E68-9C143A882617}.Debug|Any CPU.ActiveCfg = Debug|Any CPU
		{6731ACB5-79CF-4946-9E68-9C143A882617}.Debug|Any CPU.Build.0 = Debug|Any CPU
		{6731ACB5-79CF-4946-9E68-9C143A882617}.Release|Any CPU.ActiveCfg = Release|Any CPU
		{6731ACB5-79CF-4946-9E68-9C143A882617}.Release|Any CPU.Build.0 = Release|Any CPU
		{7429CB7F-469B-4CF5-9BA3-87A174F60654}.Debug|Any CPU.ActiveCfg = Debug|Any CPU
		{7429CB7F-469B-4CF5-9BA3-87A174F60654}.Debug|Any CPU.Build.0 = Debug|Any CPU
		{7429CB7F-469B-4CF5-9BA3-87A174F60654}.Release|Any CPU.ActiveCfg = Release|Any CPU
		{7429CB7F-469B-4CF5-9BA3-87A174F60654}.Release|Any CPU.Build.0 = Release|Any CPU
		{A5C97706-C866-412E-B417-53B46B4A0F92}.Debug|Any CPU.ActiveCfg = Debug|Any CPU
		{A5C97706-C866-412E-B417-53B46B4A0F92}.Debug|Any CPU.Build.0 = Debug|Any CPU
		{A5C97706-C866-412E-B417-53B46B4A0F92}.Release|Any CPU.ActiveCfg = Release|Any CPU
		{A5C97706-C866-412E-B417-53B46B4A0F92}.Release|Any CPU.Build.0 = Release|Any CPU
	EndGlobalSection
	GlobalSection(SolutionProperties) = preSolution
		HideSolutionNode = FALSE
	EndGlobalSection
EndGlobal
