
Microsoft Visual Studio Solution File, Format Version 12.00
# Visual Studio 14
VisualStudioVersion = 14.0.25420.1
MinimumVisualStudioVersion = 10.0.40219.1
Project("{FAE04EC0-301F-11D3-BF4B-00C04F79EFBC}") = "WebApiClient", "WebApiClient\WebApiClient.csproj", "{FEA6EFDB-E9C1-4F36-9EBB-BA6DDF60EED1}"
EndProject
Project("{FAE04EC0-301F-11D3-BF4B-00C04F79EFBC}") = "WebApiClient.Tests", "WebApiClient.Tests\WebApiClient.Tests.csproj", "{F2723112-68A6-49CF-9AB2-6B0C68DA79A6}"
EndProject
Global
	GlobalSection(SolutionConfigurationPlatforms) = preSolution
		Debug|Any CPU = Debug|Any CPU
		Release|Any CPU = Release|Any CPU
	EndGlobalSection
	GlobalSection(ProjectConfigurationPlatforms) = postSolution
		{FEA6EFDB-E9C1-4F36-9EBB-BA6DDF60EED1}.Debug|Any CPU.ActiveCfg = Debug|Any CPU
		{FEA6EFDB-E9C1-4F36-9EBB-BA6DDF60EED1}.Debug|Any CPU.Build.0 = Debug|Any CPU
		{FEA6EFDB-E9C1-4F36-9EBB-BA6DDF60EED1}.Release|Any CPU.ActiveCfg = Release|Any CPU
		{FEA6EFDB-E9C1-4F36-9EBB-BA6DDF60EED1}.Release|Any CPU.Build.0 = Release|Any CPU
		{F2723112-68A6-49CF-9AB2-6B0C68DA79A6}.Debug|Any CPU.ActiveCfg = Debug|Any CPU
		{F2723112-68A6-49CF-9AB2-6B0C68DA79A6}.Debug|Any CPU.Build.0 = Debug|Any CPU
		{F2723112-68A6-49CF-9AB2-6B0C68DA79A6}.Release|Any CPU.ActiveCfg = Release|Any CPU
		{F2723112-68A6-49CF-9AB2-6B0C68DA79A6}.Release|Any CPU.Build.0 = Release|Any CPU
	EndGlobalSection
	GlobalSection(SolutionProperties) = preSolution
		HideSolutionNode = FALSE
	EndGlobalSection
EndGlobal
